
Microsoft Visual Studio Solution File, Format Version 12.00
# Visual Studio Version 17
VisualStudioVersion = 17.7.34031.279
MinimumVisualStudioVersion = 10.0.40219.1
Project("{888888A0-9F3D-457C-B088-3A5042F75D52}") = "SnakeGame", "SnakeGame.pyproj", "{CCBF18D9-A500-4613-9B43-E03B6C421773}"
EndProject
Global
	GlobalSection(SolutionConfigurationPlatforms) = preSolution
		Debug|Any CPU = Debug|Any CPU
		Release|Any CPU = Release|Any CPU
	EndGlobalSection
	GlobalSection(ProjectConfigurationPlatforms) = postSolution
		{CCBF18D9-A500-4613-9B43-E03B6C421773}.Debug|Any CPU.ActiveCfg = Debug|Any CPU
		{CCBF18D9-A500-4613-9B43-E03B6C421773}.Release|Any CPU.ActiveCfg = Release|Any CPU
	EndGlobalSection
	GlobalSection(SolutionProperties) = preSolution
		HideSolutionNode = FALSE
	EndGlobalSection
	GlobalSection(ExtensibilityGlobals) = postSolution
		SolutionGuid = {0C127538-6482-4BFC-8A4A-A95AAD9C6A1A}
	EndGlobalSection
EndGlobal
